
Microsoft Visual Studio Solution File, Format Version 12.00
# Visual Studio Version 16
VisualStudioVersion = 25.0.1706.0
MinimumVisualStudioVersion = 10.0.40219.1
Project("{FAE04EC0-301F-11D3-BF4B-00C04F79EFBC}") = "assignment4", "assignment4\assignment4.csproj", "{730CC2B5-41C5-4A60-BDBB-062AC7DD110D}"
EndProject
Global
	GlobalSection(SolutionConfigurationPlatforms) = preSolution
		Debug|Any CPU = Debug|Any CPU
		Release|Any CPU = Release|Any CPU
	EndGlobalSection
	GlobalSection(ProjectConfigurationPlatforms) = postSolution
		{730CC2B5-41C5-4A60-BDBB-062AC7DD110D}.Debug|Any CPU.ActiveCfg = Debug|Any CPU
		{730CC2B5-41C5-4A60-BDBB-062AC7DD110D}.Debug|Any CPU.Build.0 = Debug|Any CPU
		{730CC2B5-41C5-4A60-BDBB-062AC7DD110D}.Release|Any CPU.ActiveCfg = Release|Any CPU
		{730CC2B5-41C5-4A60-BDBB-062AC7DD110D}.Release|Any CPU.Build.0 = Release|Any CPU
	EndGlobalSection
	GlobalSection(SolutionProperties) = preSolution
		HideSolutionNode = FALSE
	EndGlobalSection
	GlobalSection(ExtensibilityGlobals) = postSolution
		SolutionGuid = {863C5819-A72B-41F6-9378-802AF89A2A56}
	EndGlobalSection
EndGlobal
